Microsoft Visual Studio Solution File, Format Version 12.00
# Visual Studio Version 17
VisualStudioVersion = 17.5.33516.290
MinimumVisualStudioVersion = 10.0.40219.1
Project("{2150E333-8FDC-42A3-9474-1A3956D46DE8}") = "Repository Items", "Repository Items", "{56F6F3E3-94E3-4628-AE13-AA998941714A}"
	ProjectSection(SolutionItems) = preProject
		.editorconfig = .editorconfig
		.gitignore = .gitignore
		src\Directory.Build.props = src\Directory.Build.props
		src\Directory.Build.targets = src\Directory.Build.targets
		src\Directory.Packages.props = src\Directory.Packages.props
		icon.png = icon.png
		LICENSE = LICENSE
		nuget.config = nuget.config
		README.md = README.md
	EndProjectSection
EndProject
Project("{9A19103F-16F7-4668-BE54-9A1E7A4F7556}") = "TestHarness", "src\TestHarness\TestHarness.csproj", "{9B32B9A4-8325-4BA0-8A67-3BBD644C904E}"
EndProject
Project("{2150E333-8FDC-42A3-9474-1A3956D46DE8}") = "Common", "Common", "{C14D2EA3-FC9B-4B33-ACE7-B2B01CFACDD2}"
	ProjectSection(SolutionItems) = preProject
		src\Common\README.md = src\Common\README.md
	EndProjectSection
EndProject
Project("{2150E333-8FDC-42A3-9474-1A3956D46DE8}") = "Data", "Data", "{6599B873-2CCE-48AF-862F-36C4CD9F5B6D}"
EndProject
Project("{9A19103F-16F7-4668-BE54-9A1E7A4F7556}") = "Common.Data.Api", "src\Common\Data\Api\Common.Data.Api.csproj", "{B3B95EEB-DE3C-4BCF-AB08-1BE3A5C54B06}"
EndProject
Project("{9A19103F-16F7-4668-BE54-9A1E7A4F7556}") = "Common.Data.Json", "src\Common\Data\Json\Common.Data.Json.csproj", "{AF3FCF04-D876-4A94-8F76-DD2D2E1AC2CC}"
EndProject
Project("{9A19103F-16F7-4668-BE54-9A1E7A4F7556}") = "Common.Data.Sql", "src\Common\Data\Sql\Common.Data.Sql.csproj", "{F572D0AD-BE81-4F51-931A-A1756E151FB2}"
EndProject
Project("{9A19103F-16F7-4668-BE54-9A1E7A4F7556}") = "Common.Data.SQLite", "src\Common\Data\SQLite\Common.Data.SQLite.csproj", "{8908223B-7979-41CA-9B84-CF7291176A52}"
EndProject
Project("{9A19103F-16F7-4668-BE54-9A1E7A4F7556}") = "Common.Data.SqlServer", "src\Common\Data\SqlServer\Common.Data.SqlServer.csproj", "{4A358679-32E2-489B-8C60-C65F50B1924C}"
EndProject
Project("{7CF6DF6D-3B04-46F8-A40B-537D21BCA0B4}") = "CommonProjects", "docs\Common\CommonProjects.shfbproj", "{4781829A-E223-452F-B2CE-0317632FD90D}"
EndProject
Project("{2150E333-8FDC-42A3-9474-1A3956D46DE8}") = "MVVM", "MVVM", "{22C1340B-63D6-49F3-B88B-57639845A535}"
	ProjectSection(SolutionItems) = preProject
		src\MVVM\MVVMPattern.png = src\MVVM\MVVMPattern.png
		src\MVVM\README.md = src\MVVM\README.md
	EndProjectSection
EndProject
Project("{9A19103F-16F7-4668-BE54-9A1E7A4F7556}") = "MVVM.Core", "src\MVVM\Core\MVVM.Core.csproj", "{E736AFEB-28DE-479D-8F98-2B05305485F6}"
EndProject
Project("{9A19103F-16F7-4668-BE54-9A1E7A4F7556}") = "MVVM.Wpf", "src\MVVM\Wpf\MVVM.Wpf.csproj", "{515BEBBF-C1FE-4220-B2EF-48B1BE001EFD}"
EndProject
Project("{7CF6DF6D-3B04-46F8-A40B-537D21BCA0B4}") = "MVVMProjects", "docs\MVVM\MVVMProjects.shfbproj", "{67C8515F-6DB9-4C46-8EF8-B5597FF7C719}"
EndProject
Project("{2150E333-8FDC-42A3-9474-1A3956D46DE8}") = "EFCore", "EFCore", "{F7F5C327-E754-4056-BE39-F90C8D33904D}"
	ProjectSection(SolutionItems) = preProject
		src\EFCore\README.md = src\EFCore\README.md
	EndProjectSection
EndProject
Project("{9A19103F-16F7-4668-BE54-9A1E7A4F7556}") = "EFCore.Database.Address", "src\EFCore\Database.Address\EFCore.Database.Address.csproj", "{30F9B73D-5CAD-4B1F-8756-255AA7EB457D}"
EndProject
Project("{9A19103F-16F7-4668-BE54-9A1E7A4F7556}") = "EFCore.Database.Entity", "src\EFCore\Database.Entity\EFCore.Database.Entity.csproj", "{FF7BB044-BEE3-4807-A506-C63C8A10D685}"
EndProject
Project("{9A19103F-16F7-4668-BE54-9A1E7A4F7556}") = "EFCore.Database.Full", "src\EFCore\Database.Full\EFCore.Database.Full.csproj", "{01D43033-D3BA-42F9-AAB6-391531721CEB}"
EndProject
Project("{9A19103F-16F7-4668-BE54-9A1E7A4F7556}") = "EFCore.RestApi", "src\EFCore\RestApi\EFCore.RestApi.csproj", "{E2727353-C680-4E87-87F2-DCD0D30FEAA9}"
EndProject
Project("{7CF6DF6D-3B04-46F8-A40B-537D21BCA0B4}") = "EFCoreProjects", "docs\EFCore\EFCoreProjects.shfbproj", "{AF345542-D787-43AE-8BFB-44F7311B45FB}"
EndProject
Project("{9A19103F-16F7-4668-BE54-9A1E7A4F7556}") = "Json.Converters", "src\Json.Converters\Json.Converters.csproj", "{D538BE34-51DB-4878-8CB4-8611B9E80B09}"
EndProject
Project("{2150E333-8FDC-42A3-9474-1A3956D46DE8}") = "Theme", "Theme", "{33EE14BC-839E-46C6-8519-A696F4B0A9F4}"
	ProjectSection(SolutionItems) = preProject
		docs\Common\Theme\index.html = docs\Common\Theme\index.html
		docs\Common\Theme\logo-blue .png = docs\Common\Theme\logo-blue .png
		docs\Common\Theme\logo-orange.png = docs\Common\Theme\logo-orange.png
		docs\Common\Theme\README.md = docs\Common\Theme\README.md
	EndProjectSection
EndProject
Project("{2150E333-8FDC-42A3-9474-1A3956D46DE8}") = "Data", "Data", "{EE10FDD0-6144-4E51-9A95-738EC897F03D}"
	ProjectSection(SolutionItems) = preProject
		src\EFCore\Data\README.md = src\EFCore\Data\README.md
	EndProjectSection
EndProject
Global
	GlobalSection(SolutionConfigurationPlatforms) = preSolution
		Debug|Any CPU = Debug|Any CPU
		Debug|x86 = Debug|x86
		Release|Any CPU = Release|Any CPU
		Release|x86 = Release|x86
	EndGlobalSection
	GlobalSection(ProjectConfigurationPlatforms) = postSolution
		{9B32B9A4-8325-4BA0-8A67-3BBD644C904E}.Debug|Any CPU.ActiveCfg = Debug|Any CPU
		{9B32B9A4-8325-4BA0-8A67-3BBD644C904E}.Debug|Any CPU.Build.0 = Debug|Any CPU
		{9B32B9A4-8325-4BA0-8A67-3BBD644C904E}.Debug|x86.ActiveCfg = Debug|Any CPU
		{9B32B9A4-8325-4BA0-8A67-3BBD644C904E}.Debug|x86.Build.0 = Debug|Any CPU
		{9B32B9A4-8325-4BA0-8A67-3BBD644C904E}.Release|Any CPU.ActiveCfg = Release|Any CPU
		{9B32B9A4-8325-4BA0-8A67-3BBD644C904E}.Release|Any CPU.Build.0 = Release|Any CPU
		{9B32B9A4-8325-4BA0-8A67-3BBD644C904E}.Release|x86.ActiveCfg = Release|Any CPU
		{9B32B9A4-8325-4BA0-8A67-3BBD644C904E}.Release|x86.Build.0 = Release|Any CPU
		{B3B95EEB-DE3C-4BCF-AB08-1BE3A5C54B06}.Debug|Any CPU.ActiveCfg = Debug|Any CPU
		{B3B95EEB-DE3C-4BCF-AB08-1BE3A5C54B06}.Debug|Any CPU.Build.0 = Debug|Any CPU
		{B3B95EEB-DE3C-4BCF-AB08-1BE3A5C54B06}.Debug|x86.ActiveCfg = Debug|Any CPU
		{B3B95EEB-DE3C-4BCF-AB08-1BE3A5C54B06}.Debug|x86.Build.0 = Debug|Any CPU
		{B3B95EEB-DE3C-4BCF-AB08-1BE3A5C54B06}.Release|Any CPU.ActiveCfg = Release|Any CPU
		{B3B95EEB-DE3C-4BCF-AB08-1BE3A5C54B06}.Release|Any CPU.Build.0 = Release|Any CPU
		{B3B95EEB-DE3C-4BCF-AB08-1BE3A5C54B06}.Release|x86.ActiveCfg = Release|Any CPU
		{B3B95EEB-DE3C-4BCF-AB08-1BE3A5C54B06}.Release|x86.Build.0 = Release|Any CPU
		{AF3FCF04-D876-4A94-8F76-DD2D2E1AC2CC}.Debug|Any CPU.ActiveCfg = Debug|Any CPU
		{AF3FCF04-D876-4A94-8F76-DD2D2E1AC2CC}.Debug|Any CPU.Build.0 = Debug|Any CPU
		{AF3FCF04-D876-4A94-8F76-DD2D2E1AC2CC}.Debug|x86.ActiveCfg = Debug|Any CPU
		{AF3FCF04-D876-4A94-8F76-DD2D2E1AC2CC}.Debug|x86.Build.0 = Debug|Any CPU
		{AF3FCF04-D876-4A94-8F76-DD2D2E1AC2CC}.Release|Any CPU.ActiveCfg = Release|Any CPU
		{AF3FCF04-D876-4A94-8F76-DD2D2E1AC2CC}.Release|Any CPU.Build.0 = Release|Any CPU
		{AF3FCF04-D876-4A94-8F76-DD2D2E1AC2CC}.Release|x86.ActiveCfg = Release|Any CPU
		{AF3FCF04-D876-4A94-8F76-DD2D2E1AC2CC}.Release|x86.Build.0 = Release|Any CPU
		{F572D0AD-BE81-4F51-931A-A1756E151FB2}.Debug|Any CPU.ActiveCfg = Debug|Any CPU
		{F572D0AD-BE81-4F51-931A-A1756E151FB2}.Debug|Any CPU.Build.0 = Debug|Any CPU
		{F572D0AD-BE81-4F51-931A-A1756E151FB2}.Debug|x86.ActiveCfg = Debug|Any CPU
		{F572D0AD-BE81-4F51-931A-A1756E151FB2}.Debug|x86.Build.0 = Debug|Any CPU
		{F572D0AD-BE81-4F51-931A-A1756E151FB2}.Release|Any CPU.ActiveCfg = Release|Any CPU
		{F572D0AD-BE81-4F51-931A-A1756E151FB2}.Release|Any CPU.Build.0 = Release|Any CPU
		{F572D0AD-BE81-4F51-931A-A1756E151FB2}.Release|x86.ActiveCfg = Release|Any CPU
		{F572D0AD-BE81-4F51-931A-A1756E151FB2}.Release|x86.Build.0 = Release|Any CPU
		{8908223B-7979-41CA-9B84-CF7291176A52}.Debug|Any CPU.ActiveCfg = Debug|Any CPU
		{8908223B-7979-41CA-9B84-CF7291176A52}.Debug|Any CPU.Build.0 = Debug|Any CPU
		{8908223B-7979-41CA-9B84-CF7291176A52}.Debug|x86.ActiveCfg = Debug|Any CPU
		{8908223B-7979-41CA-9B84-CF7291176A52}.Debug|x86.Build.0 = Debug|Any CPU
		{8908223B-7979-41CA-9B84-CF7291176A52}.Release|Any CPU.ActiveCfg = Release|Any CPU
		{8908223B-7979-41CA-9B84-CF7291176A52}.Release|Any CPU.Build.0 = Release|Any CPU
		{8908223B-7979-41CA-9B84-CF7291176A52}.Release|x86.ActiveCfg = Release|Any CPU
		{8908223B-7979-41CA-9B84-CF7291176A52}.Release|x86.Build.0 = Release|Any CPU
		{4A358679-32E2-489B-8C60-C65F50B1924C}.Debug|Any CPU.ActiveCfg = Debug|Any CPU
		{4A358679-32E2-489B-8C60-C65F50B1924C}.Debug|Any CPU.Build.0 = Debug|Any CPU
		{4A358679-32E2-489B-8C60-C65F50B1924C}.Debug|x86.ActiveCfg = Debug|Any CPU
		{4A358679-32E2-489B-8C60-C65F50B1924C}.Debug|x86.Build.0 = Debug|Any CPU
		{4A358679-32E2-489B-8C60-C65F50B1924C}.Release|Any CPU.ActiveCfg = Release|Any CPU
		{4A358679-32E2-489B-8C60-C65F50B1924C}.Release|Any CPU.Build.0 = Release|Any CPU
		{4A358679-32E2-489B-8C60-C65F50B1924C}.Release|x86.ActiveCfg = Release|Any CPU
		{4A358679-32E2-489B-8C60-C65F50B1924C}.Release|x86.Build.0 = Release|Any CPU
		{4781829A-E223-452F-B2CE-0317632FD90D}.Debug|Any CPU.ActiveCfg = Debug|Any CPU
		{4781829A-E223-452F-B2CE-0317632FD90D}.Debug|x86.ActiveCfg = Debug|Any CPU
		{4781829A-E223-452F-B2CE-0317632FD90D}.Release|Any CPU.ActiveCfg = Release|Any CPU
		{4781829A-E223-452F-B2CE-0317632FD90D}.Release|x86.ActiveCfg = Release|Any CPU
		{E736AFEB-28DE-479D-8F98-2B05305485F6}.Debug|Any CPU.ActiveCfg = Debug|Any CPU
		{E736AFEB-28DE-479D-8F98-2B05305485F6}.Debug|Any CPU.Build.0 = Debug|Any CPU
		{E736AFEB-28DE-479D-8F98-2B05305485F6}.Debug|x86.ActiveCfg = Debug|Any CPU
		{E736AFEB-28DE-479D-8F98-2B05305485F6}.Debug|x86.Build.0 = Debug|Any CPU
		{E736AFEB-28DE-479D-8F98-2B05305485F6}.Release|Any CPU.ActiveCfg = Release|Any CPU
		{E736AFEB-28DE-479D-8F98-2B05305485F6}.Release|Any CPU.Build.0 = Release|Any CPU
		{E736AFEB-28DE-479D-8F98-2B05305485F6}.Release|x86.ActiveCfg = Release|Any CPU
		{E736AFEB-28DE-479D-8F98-2B05305485F6}.Release|x86.Build.0 = Release|Any CPU
		{515BEBBF-C1FE-4220-B2EF-48B1BE001EFD}.Debug|Any CPU.ActiveCfg = Debug|Any CPU
		{515BEBBF-C1FE-4220-B2EF-48B1BE001EFD}.Debug|Any CPU.Build.0 = Debug|Any CPU
		{515BEBBF-C1FE-4220-B2EF-48B1BE001EFD}.Debug|x86.ActiveCfg = Debug|Any CPU
		{515BEBBF-C1FE-4220-B2EF-48B1BE001EFD}.Debug|x86.Build.0 = Debug|Any CPU
		{515BEBBF-C1FE-4220-B2EF-48B1BE001EFD}.Release|Any CPU.ActiveCfg = Release|Any CPU
		{515BEBBF-C1FE-4220-B2EF-48B1BE001EFD}.Release|Any CPU.Build.0 = Release|Any CPU
		{515BEBBF-C1FE-4220-B2EF-48B1BE001EFD}.Release|x86.ActiveCfg = Release|Any CPU
		{515BEBBF-C1FE-4220-B2EF-48B1BE001EFD}.Release|x86.Build.0 = Release|Any CPU
		{67C8515F-6DB9-4C46-8EF8-B5597FF7C719}.Debug|Any CPU.ActiveCfg = Debug|Any CPU
		{67C8515F-6DB9-4C46-8EF8-B5597FF7C719}.Debug|x86.ActiveCfg = Debug|Any CPU
		{67C8515F-6DB9-4C46-8EF8-B5597FF7C719}.Release|Any CPU.ActiveCfg = Release|Any CPU
		{67C8515F-6DB9-4C46-8EF8-B5597FF7C719}.Release|x86.ActiveCfg = Release|Any CPU
		{30F9B73D-5CAD-4B1F-8756-255AA7EB457D}.Debug|Any CPU.ActiveCfg = Debug|Any CPU
		{30F9B73D-5CAD-4B1F-8756-255AA7EB457D}.Debug|Any CPU.Build.0 = Debug|Any CPU
		{30F9B73D-5CAD-4B1F-8756-255AA7EB457D}.Debug|x86.ActiveCfg = Debug|Any CPU
		{30F9B73D-5CAD-4B1F-8756-255AA7EB457D}.Debug|x86.Build.0 = Debug|Any CPU
		{30F9B73D-5CAD-4B1F-8756-255AA7EB457D}.Release|Any CPU.ActiveCfg = Release|Any CPU
		{30F9B73D-5CAD-4B1F-8756-255AA7EB457D}.Release|Any CPU.Build.0 = Release|Any CPU
		{30F9B73D-5CAD-4B1F-8756-255AA7EB457D}.Release|x86.ActiveCfg = Release|Any CPU
		{30F9B73D-5CAD-4B1F-8756-255AA7EB457D}.Release|x86.Build.0 = Release|Any CPU
		{FF7BB044-BEE3-4807-A506-C63C8A10D685}.Debug|Any CPU.ActiveCfg = Debug|Any CPU
		{FF7BB044-BEE3-4807-A506-C63C8A10D685}.Debug|Any CPU.Build.0 = Debug|Any CPU
		{FF7BB044-BEE3-4807-A506-C63C8A10D685}.Debug|x86.ActiveCfg = Debug|Any CPU
		{FF7BB044-BEE3-4807-A506-C63C8A10D685}.Debug|x86.Build.0 = Debug|Any CPU
		{FF7BB044-BEE3-4807-A506-C63C8A10D685}.Release|Any CPU.ActiveCfg = Release|Any CPU
		{FF7BB044-BEE3-4807-A506-C63C8A10D685}.Release|Any CPU.Build.0 = Release|Any CPU
		{FF7BB044-BEE3-4807-A506-C63C8A10D685}.Release|x86.ActiveCfg = Release|Any CPU
		{FF7BB044-BEE3-4807-A506-C63C8A10D685}.Release|x86.Build.0 = Release|Any CPU
		{01D43033-D3BA-42F9-AAB6-391531721CEB}.Debug|Any CPU.ActiveCfg = Debug|Any CPU
		{01D43033-D3BA-42F9-AAB6-391531721CEB}.Debug|Any CPU.Build.0 = Debug|Any CPU
		{01D43033-D3BA-42F9-AAB6-391531721CEB}.Debug|x86.ActiveCfg = Debug|Any CPU
		{01D43033-D3BA-42F9-AAB6-391531721CEB}.Debug|x86.Build.0 = Debug|Any CPU
		{01D43033-D3BA-42F9-AAB6-391531721CEB}.Release|Any CPU.ActiveCfg = Release|Any CPU
		{01D43033-D3BA-42F9-AAB6-391531721CEB}.Release|Any CPU.Build.0 = Release|Any CPU
		{01D43033-D3BA-42F9-AAB6-391531721CEB}.Release|x86.ActiveCfg = Release|Any CPU
		{01D43033-D3BA-42F9-AAB6-391531721CEB}.Release|x86.Build.0 = Release|Any CPU
		{E2727353-C680-4E87-87F2-DCD0D30FEAA9}.Debug|Any CPU.ActiveCfg = Debug|Any CPU
		{E2727353-C680-4E87-87F2-DCD0D30FEAA9}.Debug|Any CPU.Build.0 = Debug|Any CPU
		{E2727353-C680-4E87-87F2-DCD0D30FEAA9}.Debug|x86.ActiveCfg = Debug|Any CPU
		{E2727353-C680-4E87-87F2-DCD0D30FEAA9}.Debug|x86.Build.0 = Debug|Any CPU
		{E2727353-C680-4E87-87F2-DCD0D30FEAA9}.Release|Any CPU.ActiveCfg = Release|Any CPU
		{E2727353-C680-4E87-87F2-DCD0D30FEAA9}.Release|Any CPU.Build.0 = Release|Any CPU
		{E2727353-C680-4E87-87F2-DCD0D30FEAA9}.Release|x86.ActiveCfg = Release|Any CPU
		{E2727353-C680-4E87-87F2-DCD0D30FEAA9}.Release|x86.Build.0 = Release|Any CPU
		{AF345542-D787-43AE-8BFB-44F7311B45FB}.Debug|Any CPU.ActiveCfg = Debug|Any CPU
		{AF345542-D787-43AE-8BFB-44F7311B45FB}.Debug|x86.ActiveCfg = Debug|Any CPU
		{AF345542-D787-43AE-8BFB-44F7311B45FB}.Release|Any CPU.ActiveCfg = Release|Any CPU
		{AF345542-D787-43AE-8BFB-44F7311B45FB}.Release|x86.ActiveCfg = Release|Any CPU
		{AF345542-D787-43AE-8BFB-44F7311B45FB}.Release|x86.Build.0 = Release|Any CPU
		{D538BE34-51DB-4878-8CB4-8611B9E80B09}.Debug|Any CPU.ActiveCfg = Debug|Any CPU
		{D538BE34-51DB-4878-8CB4-8611B9E80B09}.Debug|Any CPU.Build.0 = Debug|Any CPU
		{D538BE34-51DB-4878-8CB4-8611B9E80B09}.Debug|x86.ActiveCfg = Debug|Any CPU
		{D538BE34-51DB-4878-8CB4-8611B9E80B09}.Debug|x86.Build.0 = Debug|Any CPU
		{D538BE34-51DB-4878-8CB4-8611B9E80B09}.Release|Any CPU.ActiveCfg = Release|Any CPU
		{D538BE34-51DB-4878-8CB4-8611B9E80B09}.Release|Any CPU.Build.0 = Release|Any CPU
		{D538BE34-51DB-4878-8CB4-8611B9E80B09}.Release|x86.ActiveCfg = Release|Any CPU
		{D538BE34-51DB-4878-8CB4-8611B9E80B09}.Release|x86.Build.0 = Release|Any CPU
	EndGlobalSection
	GlobalSection(SolutionProperties) = preSolution
		HideSolutionNode = FALSE
	EndGlobalSection
	GlobalSection(NestedProjects) = preSolution
		{6599B873-2CCE-48AF-862F-36C4CD9F5B6D} = {C14D2EA3-FC9B-4B33-ACE7-B2B01CFACDD2}
		{B3B95EEB-DE3C-4BCF-AB08-1BE3A5C54B06} = {6599B873-2CCE-48AF-862F-36C4CD9F5B6D}
		{AF3FCF04-D876-4A94-8F76-DD2D2E1AC2CC} = {6599B873-2CCE-48AF-862F-36C4CD9F5B6D}
		{F572D0AD-BE81-4F51-931A-A1756E151FB2} = {6599B873-2CCE-48AF-862F-36C4CD9F5B6D}
		{8908223B-7979-41CA-9B84-CF7291176A52} = {6599B873-2CCE-48AF-862F-36C4CD9F5B6D}
		{4A358679-32E2-489B-8C60-C65F50B1924C} = {6599B873-2CCE-48AF-862F-36C4CD9F5B6D}
		{4781829A-E223-452F-B2CE-0317632FD90D} = {C14D2EA3-FC9B-4B33-ACE7-B2B01CFACDD2}
		{E736AFEB-28DE-479D-8F98-2B05305485F6} = {22C1340B-63D6-49F3-B88B-57639845A535}
		{515BEBBF-C1FE-4220-B2EF-48B1BE001EFD} = {22C1340B-63D6-49F3-B88B-57639845A535}
		{67C8515F-6DB9-4C46-8EF8-B5597FF7C719} = {22C1340B-63D6-49F3-B88B-57639845A535}
		{30F9B73D-5CAD-4B1F-8756-255AA7EB457D} = {F7F5C327-E754-4056-BE39-F90C8D33904D}
		{FF7BB044-BEE3-4807-A506-C63C8A10D685} = {F7F5C327-E754-4056-BE39-F90C8D33904D}
		{01D43033-D3BA-42F9-AAB6-391531721CEB} = {F7F5C327-E754-4056-BE39-F90C8D33904D}
		{E2727353-C680-4E87-87F2-DCD0D30FEAA9} = {F7F5C327-E754-4056-BE39-F90C8D33904D}
		{AF345542-D787-43AE-8BFB-44F7311B45FB} = {F7F5C327-E754-4056-BE39-F90C8D33904D}
		{D538BE34-51DB-4878-8CB4-8611B9E80B09} = {C14D2EA3-FC9B-4B33-ACE7-B2B01CFACDD2}
		{33EE14BC-839E-46C6-8519-A696F4B0A9F4} = {C14D2EA3-FC9B-4B33-ACE7-B2B01CFACDD2}
		{EE10FDD0-6144-4E51-9A95-738EC897F03D} = {F7F5C327-E754-4056-BE39-F90C8D33904D}
	EndGlobalSection
	GlobalSection(ExtensibilityGlobals) = postSolution
		SolutionGuid = {4A988AFD-1F61-4420-834A-6EAFADCA18BF}
	EndGlobalSection
EndGlobal
